
Microsoft Visual Studio Solution File, Format Version 12.00
# Visual Studio 14
VisualStudioVersion = 14.0.24720.0
MinimumVisualStudioVersion = 10.0.40219.1
Project("{FAE04EC0-301F-11D3-BF4B-00C04F79EFBC}") = "Crypter", "Crypter\Crypter.csproj", "{6E710FFF-2B5E-4EA3-96CD-EE7EF950570C}"
EndProject
Project("{FAE04EC0-301F-11D3-BF4B-00C04F79EFBC}") = "CrypterBibi", "CrypterBibi\CrypterBibi.csproj", "{2B53FDED-AC2E-48AA-9D54-6384A5AE1674}"
EndProject
Project("{FAE04EC0-301F-11D3-BF4B-00C04F79EFBC}") = "CrypterUI", "CrypterUI\CrypterUI.csproj", "{24656B63-9BBE-4C38-A279-DED04D385BE2}"
EndProject
Global
	GlobalSection(SolutionConfigurationPlatforms) = preSolution
		Debug|Any CPU = Debug|Any CPU
		Release|Any CPU = Release|Any CPU
	EndGlobalSection
	GlobalSection(ProjectConfigurationPlatforms) = postSolution
		{6E710FFF-2B5E-4EA3-96CD-EE7EF950570C}.Debug|Any CPU.ActiveCfg = Debug|Any CPU
		{6E710FFF-2B5E-4EA3-96CD-EE7EF950570C}.Debug|Any CPU.Build.0 = Debug|Any CPU
		{6E710FFF-2B5E-4EA3-96CD-EE7EF950570C}.Release|Any CPU.ActiveCfg = Release|Any CPU
		{6E710FFF-2B5E-4EA3-96CD-EE7EF950570C}.Release|Any CPU.Build.0 = Release|Any CPU
		{2B53FDED-AC2E-48AA-9D54-6384A5AE1674}.Debug|Any CPU.ActiveCfg = Debug|Any CPU
		{2B53FDED-AC2E-48AA-9D54-6384A5AE1674}.Debug|Any CPU.Build.0 = Debug|Any CPU
		{2B53FDED-AC2E-48AA-9D54-6384A5AE1674}.Release|Any CPU.ActiveCfg = Release|Any CPU
		{2B53FDED-AC2E-48AA-9D54-6384A5AE1674}.Release|Any CPU.Build.0 = Release|Any CPU
		{24656B63-9BBE-4C38-A279-DED04D385BE2}.Debug|Any CPU.ActiveCfg = Debug|Any CPU
		{24656B63-9BBE-4C38-A279-DED04D385BE2}.Debug|Any CPU.Build.0 = Debug|Any CPU
		{24656B63-9BBE-4C38-A279-DED04D385BE2}.Release|Any CPU.ActiveCfg = Release|Any CPU
		{24656B63-9BBE-4C38-A279-DED04D385BE2}.Release|Any CPU.Build.0 = Release|Any CPU
	EndGlobalSection
	GlobalSection(SolutionProperties) = preSolution
		HideSolutionNode = FALSE
	EndGlobalSection
EndGlobal
